
Microsoft Visual Studio Solution File, Format Version 12.00
# Visual Studio 15
VisualStudioVersion = 15.0.28307.168
MinimumVisualStudioVersion = 10.0.40219.1
Project("{FAE04EC0-301F-11D3-BF4B-00C04F79EFBC}") = "MVCIntro", "MVCIntro\MVCIntro.csproj", "{15DA0CDB-DC87-499F-8A2F-3376E294281E}"
EndProject
Global
	GlobalSection(SolutionConfigurationPlatforms) = preSolution
		Debug|Any CPU = Debug|Any CPU
		Release|Any CPU = Release|Any CPU
	EndGlobalSection
	GlobalSection(ProjectConfigurationPlatforms) = postSolution
		{15DA0CDB-DC87-499F-8A2F-3376E294281E}.Debug|Any CPU.ActiveCfg = Debug|Any CPU
		{15DA0CDB-DC87-499F-8A2F-3376E294281E}.Debug|Any CPU.Build.0 = Debug|Any CPU
		{15DA0CDB-DC87-499F-8A2F-3376E294281E}.Release|Any CPU.ActiveCfg = Release|Any CPU
		{15DA0CDB-DC87-499F-8A2F-3376E294281E}.Release|Any CPU.Build.0 = Release|Any CPU
	EndGlobalSection
	GlobalSection(SolutionProperties) = preSolution
		HideSolutionNode = FALSE
	EndGlobalSection
	GlobalSection(ExtensibilityGlobals) = postSolution
		SolutionGuid = {BC3CCD68-4242-465A-A129-7A0A70F7C571}
	EndGlobalSection
EndGlobal
